PODS:
  - Alamofire (3.2.0)
  - ElasticTransition (3.0.1):
    - MotionAnimation (~> 0.1.1)
  - MotionAnimation (0.1.1)
  - SDWebImage (3.7.6):
    - SDWebImage/Core (= 3.7.6)
  - SDWebImage/Core (3.7.6)
  - SwiftyGlyphs (0.1.3)
  - SwiftyJSON (2.3.2)

DEPENDENCIES:
  - Alamofire (= 3.2.0)
  - ElasticTransition (~> 3.0.0)
  - SDWebImage (~> 3.7)
  - SwiftyGlyphs
  - SwiftyJSON

SPEC CHECKSUMS:
  Alamofire: 4da478599fccddff361205c8929333d7fe18dceb
  ElasticTransition: 231e60fa66f68f42129e7969736f4a9e69794f97
  MotionAnimation: ff356cfdbedcab52a5bfc94cc96ed44ea2f652e0
  SDWebImage: c325cf02c30337336b95beff20a13df489ec0ec9
  SwiftyGlyphs: b5fa2b0e8c8b2219371ecfbdf28e7dede30567b2
  SwiftyJSON: 04ccea08915aa0109039157c7974cf0298da292a

PODFILE CHECKSUM: 8bdc3b3875b35cf27922dcc494f4d0d965dd4849

COCOAPODS: 1.0.0
