PODS:
  - Alamofire (3.2.0)
  - ElasticTransition (3.0.1):
    - MotionAnimation (~> 0.1.1)
  - MotionAnimation (0.1.1)
  - SDWebImage (3.8.1):
    - SDWebImage/Core (= 3.8.1)
  - SDWebImage/Core (3.8.1)
  - SwiftyGlyphs (0.1.5)
  - SwiftyJSON (2.3.2)

DEPENDENCIES:
  - Alamofire (= 3.2.0)
  - ElasticTransition (~> 3.0.0)
  - SDWebImage (~> 3.7)
  - SwiftyGlyphs
  - SwiftyJSON

SPEC CHECKSUMS:
  Alamofire: 4da478599fccddff361205c8929333d7fe18dceb
  ElasticTransition: 231e60fa66f68f42129e7969736f4a9e69794f97
  MotionAnimation: ff356cfdbedcab52a5bfc94cc96ed44ea2f652e0
  SDWebImage: 35f9627a3e44b4f292a8a8ce6a531fa488239b91
  SwiftyGlyphs: d15133abe990d4558c0491851ac90d0a5c7ccff9
  SwiftyJSON: 04ccea08915aa0109039157c7974cf0298da292a

PODFILE CHECKSUM: 8bdc3b3875b35cf27922dcc494f4d0d965dd4849

COCOAPODS: 1.0.0
