// !$*UTF8*$!
{
	archiveVersion = 1;
	classes = {
	};
	objectVersion = 46;
	objects = {

/* Begin PBXBuildFile section */
		0C2AE4731CAF42E600F875E6 /* AboutViewController.swift in Sources */ = {isa = PBXBuildFile; fileRef = 0C2AE4721CAF42E600F875E6 /* AboutViewController.swift */; };
		0C4B51361D46AE5200F8EA2C /* LoadOptionsVC.swift in Sources */ = {isa = PBXBuildFile; fileRef = 0C4B51351D46AE5200F8EA2C /* LoadOptionsVC.swift */; };
		0C4B513A1D47C8F900F8EA2C /* Defaults.swift in Sources */ = {isa = PBXBuildFile; fileRef = 0C4B51391D47C8F900F8EA2C /* Defaults.swift */; };
		0C4B513E1D49886200F8EA2C /* AppListEmail.swift in Sources */ = {isa = PBXBuildFile; fileRef = 0C4B513D1D49886200F8EA2C /* AppListEmail.swift */; };
		0C4B51401D4A948D00F8EA2C /* ReviewEmail.swift in Sources */ = {isa = PBXBuildFile; fileRef = 0C4B513F1D4A948D00F8EA2C /* ReviewEmail.swift */; };
		0C554C8F1D5C139100EFEAD5 /* TerritoryLoadCell.swift in Sources */ = {isa = PBXBuildFile; fileRef = 0C554C8D1D5C139100EFEAD5 /* TerritoryLoadCell.swift */; };
		0C554C941D5C46A800EFEAD5 /* TerritoryLoadCell.xib in Resources */ = {isa = PBXBuildFile; fileRef = 0C554C931D5C46A800EFEAD5 /* TerritoryLoadCell.xib */; };
		0C5CB8A71CCBF91900B55450 /* AboutAnimation.swift in Sources */ = {isa = PBXBuildFile; fileRef = 0C5CB8A61CCBF91900B55450 /* AboutAnimation.swift */; };
		0C5CB8B91CCD910300B55450 /* HelpAnimation.swift in Sources */ = {isa = PBXBuildFile; fileRef = 0C5CB8B81CCD910300B55450 /* HelpAnimation.swift */; };
		0C5CB8BF1CCD966B00B55450 /* Timing.swift in Sources */ = {isa = PBXBuildFile; fileRef = 0C5CB8BE1CCD966B00B55450 /* Timing.swift */; };
		0C6D7EBE1CAF2606008AD13B /* Assets.xcassets in Resources */ = {isa = PBXBuildFile; fileRef = 0C6D7EBD1CAF2606008AD13B /* Assets.xcassets */; };
		0C6D7EF01CAF2A5C008AD13B /* AppList.swift in Sources */ = {isa = PBXBuildFile; fileRef = 0C6D7ECA1CAF2A5C008AD13B /* AppList.swift */; };
		0C6D7EF11CAF2A5C008AD13B /* CacheManager.swift in Sources */ = {isa = PBXBuildFile; fileRef = 0C6D7ECB1CAF2A5C008AD13B /* CacheManager.swift */; };
		0C6D7EF21CAF2A5C008AD13B /* SearchList.swift in Sources */ = {isa = PBXBuildFile; fileRef = 0C6D7ECC1CAF2A5C008AD13B /* SearchList.swift */; };
		0C6D7EF31CAF2A5C008AD13B /* TerritoryList.swift in Sources */ = {isa = PBXBuildFile; fileRef = 0C6D7ECD1CAF2A5C008AD13B /* TerritoryList.swift */; };
		0C6D7EF41CAF2A5C008AD13B /* TerritoryMgr.swift in Sources */ = {isa = PBXBuildFile; fileRef = 0C6D7ECE1CAF2A5C008AD13B /* TerritoryMgr.swift */; };
		0C6D7EF51CAF2A5C008AD13B /* AppModel.swift in Sources */ = {isa = PBXBuildFile; fileRef = 0C6D7ED01CAF2A5C008AD13B /* AppModel.swift */; };
		0C6D7EF61CAF2A5C008AD13B /* CountryModel.swift in Sources */ = {isa = PBXBuildFile; fileRef = 0C6D7ED11CAF2A5C008AD13B /* CountryModel.swift */; };
		0C6D7EF71CAF2A5C008AD13B /* ReviewModel.swift in Sources */ = {isa = PBXBuildFile; fileRef = 0C6D7ED21CAF2A5C008AD13B /* ReviewModel.swift */; };
		0C6D7EF81CAF2A5C008AD13B /* AppInfo.swift in Sources */ = {isa = PBXBuildFile; fileRef = 0C6D7ED41CAF2A5C008AD13B /* AppInfo.swift */; };
		0C6D7EFA1CAF2A5C008AD13B /* ReviewLoadManager.swift in Sources */ = {isa = PBXBuildFile; fileRef = 0C6D7ED71CAF2A5C008AD13B /* ReviewLoadManager.swift */; };
		0C6D7EFB1CAF2A5C008AD13B /* TerritoryLoadOperation.swift in Sources */ = {isa = PBXBuildFile; fileRef = 0C6D7ED81CAF2A5C008AD13B /* TerritoryLoadOperation.swift */; };
		0C6D7EFC1CAF2A5C008AD13B /* SearchApps.swift in Sources */ = {isa = PBXBuildFile; fileRef = 0C6D7ED91CAF2A5C008AD13B /* SearchApps.swift */; };
		0C6D7EFD1CAF2A5C008AD13B /* AppCell.swift in Sources */ = {isa = PBXBuildFile; fileRef = 0C6D7EDC1CAF2A5C008AD13B /* AppCell.swift */; };
		0C6D7EFE1CAF2A5C008AD13B /* AppCell.xib in Resources */ = {isa = PBXBuildFile; fileRef = 0C6D7EDD1CAF2A5C008AD13B /* AppCell.xib */; };
		0C6D7EFF1CAF2A5C008AD13B /* AppSelectCell.swift in Sources */ = {isa = PBXBuildFile; fileRef = 0C6D7EDE1CAF2A5C008AD13B /* AppSelectCell.swift */; };
		0C6D7F001CAF2A5C008AD13B /* CountrySelectCell.swift in Sources */ = {isa = PBXBuildFile; fileRef = 0C6D7EDF1CAF2A5C008AD13B /* CountrySelectCell.swift */; };
		0C6D7F011CAF2A5C008AD13B /* ReviewCell.swift in Sources */ = {isa = PBXBuildFile; fileRef = 0C6D7EE01CAF2A5C008AD13B /* ReviewCell.swift */; };
		0C6D7F021CAF2A5C008AD13B /* ReviewCell.xib in Resources */ = {isa = PBXBuildFile; fileRef = 0C6D7EE11CAF2A5C008AD13B /* ReviewCell.xib */; };
		0C6D7F061CAF2A5C008AD13B /* LaunchScreen.storyboard in Resources */ = {isa = PBXBuildFile; fileRef = 0C6D7EE71CAF2A5C008AD13B /* LaunchScreen.storyboard */; };
		0C6D7F071CAF2A5C008AD13B /* Main.storyboard in Resources */ = {isa = PBXBuildFile; fileRef = 0C6D7EE81CAF2A5C008AD13B /* Main.storyboard */; };
		0C6D7F091CAF2A5C008AD13B /* AppListViewController.swift in Sources */ = {isa = PBXBuildFile; fileRef = 0C6D7EEB1CAF2A5C008AD13B /* AppListViewController.swift */; };
		0C6D7F0A1CAF2A5C008AD13B /* AppSearchViewController.swift in Sources */ = {isa = PBXBuildFile; fileRef = 0C6D7EEC1CAF2A5C008AD13B /* AppSearchViewController.swift */; };
		0C6D7F0B1CAF2A5C008AD13B /* HelpViewController.swift in Sources */ = {isa = PBXBuildFile; fileRef = 0C6D7EED1CAF2A5C008AD13B /* HelpViewController.swift */; };
		0C6D7F0C1CAF2A5C008AD13B /* ReviewListViewController.swift in Sources */ = {isa = PBXBuildFile; fileRef = 0C6D7EEE1CAF2A5C008AD13B /* ReviewListViewController.swift */; };
		0C6D7F0D1CAF2A5C008AD13B /* SelectCountryViewController.swift in Sources */ = {isa = PBXBuildFile; fileRef = 0C6D7EEF1CAF2A5C008AD13B /* SelectCountryViewController.swift */; };
		0C6D7F111CAF2ADB008AD13B /* AppDelegate.swift in Sources */ = {isa = PBXBuildFile; fileRef = 0C6D7F0F1CAF2ADB008AD13B /* AppDelegate.swift */; };
		0C6D7F121CAF2ADB008AD13B /* Info.plist in Resources */ = {isa = PBXBuildFile; fileRef = 0C6D7F101CAF2ADB008AD13B /* Info.plist */; };
		0C979D421D66474600FFC49E /* String+truncate.swift in Sources */ = {isa = PBXBuildFile; fileRef = 0C979D411D66474600FFC49E /* String+truncate.swift */; };
		0CA8F9081D2EE73B002F49F1 /* NSNotificationCenter+sugar.swift in Sources */ = {isa = PBXBuildFile; fileRef = 0CA8F9071D2EE73B002F49F1 /* NSNotificationCenter+sugar.swift */; };
		0CB6E9E41D0C932B009316E8 /* GlobalSplitViewController.swift in Sources */ = {isa = PBXBuildFile; fileRef = 0CB6E9E31D0C932B009316E8 /* GlobalSplitViewController.swift */; };
		0CB6E9E81D0DD936009316E8 /* MenuButton.swift in Sources */ = {isa = PBXBuildFile; fileRef = 0CB6E9E71D0DD936009316E8 /* MenuButton.swift */; };
		0CC230031CC2095500FFF10A /* LoadState.swift in Sources */ = {isa = PBXBuildFile; fileRef = 0CC230011CC2095500FFF10A /* LoadState.swift */; };
		0CC230041CC2095500FFF10A /* PageInfo.swift in Sources */ = {isa = PBXBuildFile; fileRef = 0CC230021CC2095500FFF10A /* PageInfo.swift */; };
		0CC230061CC40C6B00FFF10A /* SelectCountryExtension.swift in Sources */ = {isa = PBXBuildFile; fileRef = 0CC230051CC40C6B00FFF10A /* SelectCountryExtension.swift */; };
		0CDF4E2D1D09DADC00CE1622 /* HamburgerButton.swift in Sources */ = {isa = PBXBuildFile; fileRef = 0CDF4E2C1D09DADC00CE1622 /* HamburgerButton.swift */; };
		0CDF4E2F1D09DB6D00CE1622 /* SideMenuViewController.swift in Sources */ = {isa = PBXBuildFile; fileRef = 0CDF4E2E1D09DB6D00CE1622 /* SideMenuViewController.swift */; };
		0CDF4E311D0A032500CE1622 /* ElasticModalViewController.swift in Sources */ = {isa = PBXBuildFile; fileRef = 0CDF4E301D0A032500CE1622 /* ElasticModalViewController.swift */; };
		0CE288F21CB30AA7008A309A /* Theme.swift in Sources */ = {isa = PBXBuildFile; fileRef = 0CE288F11CB30AA7008A309A /* Theme.swift */; };
		0CE288FB1CB32022008A309A /* Const.swift in Sources */ = {isa = PBXBuildFile; fileRef = 0CE288FA1CB32022008A309A /* Const.swift */; };
		0CE288FF1CB35BC6008A309A /* AppListExtension.swift in Sources */ = {isa = PBXBuildFile; fileRef = 0CE288FE1CB35BC6008A309A /* AppListExtension.swift */; };
		0CE289011CB35C33008A309A /* AppSearchExtension.swift in Sources */ = {isa = PBXBuildFile; fileRef = 0CE289001CB35C33008A309A /* AppSearchExtension.swift */; };
		0CE289031CB35C53008A309A /* ReviewListExtension.swift in Sources */ = {isa = PBXBuildFile; fileRef = 0CE289021CB35C53008A309A /* ReviewListExtension.swift */; };
		0CE289131CB578B4008A309A /* LoadReviews.swift in Sources */ = {isa = PBXBuildFile; fileRef = 0CE289121CB578B4008A309A /* LoadReviews.swift */; };
		0CE289171CB59F3E008A309A /* ReviewParser.swift in Sources */ = {isa = PBXBuildFile; fileRef = 0CE289161CB59F3E008A309A /* ReviewParser.swift */; };
		0CE289221CB5A294008A309A /* SWXMLHash.swift in Sources */ = {isa = PBXBuildFile; fileRef = 0CE289211CB5A294008A309A /* SWXMLHash.swift */; };
		F2A80DF04E78040DB8F16DF8 /* Pods_App_Love.framework in Frameworks */ = {isa = PBXBuildFile; fileRef = 7355BF2CAB7FC52B0A5A83AC /* Pods_App_Love.framework */; };
/* End PBXBuildFile section */

/* Begin PBXFileReference section */
		0C2AE4721CAF42E600F875E6 /* AboutViewController.swift */ = {isa = PBXFileReference; fileEncoding = 4; lastKnownFileType = sourcecode.swift; path = AboutViewController.swift; sourceTree = "<group>"; };
		0C4B51351D46AE5200F8EA2C /* LoadOptionsVC.swift */ = {isa = PBXFileReference; fileEncoding = 4; lastKnownFileType = sourcecode.swift; path = LoadOptionsVC.swift; sourceTree = "<group>"; };
		0C4B51391D47C8F900F8EA2C /* Defaults.swift */ = {isa = PBXFileReference; fileEncoding = 4; lastKnownFileType = sourcecode.swift; path = Defaults.swift; sourceTree = "<group>"; };
		0C4B513D1D49886200F8EA2C /* AppListEmail.swift */ = {isa = PBXFileReference; fileEncoding = 4; lastKnownFileType = sourcecode.swift; path = AppListEmail.swift; sourceTree = "<group>"; };
		0C4B513F1D4A948D00F8EA2C /* ReviewEmail.swift */ = {isa = PBXFileReference; fileEncoding = 4; lastKnownFileType = sourcecode.swift; path = ReviewEmail.swift; sourceTree = "<group>"; };
		0C554C8D1D5C139100EFEAD5 /* TerritoryLoadCell.swift */ = {isa = PBXFileReference; fileEncoding = 4; lastKnownFileType = sourcecode.swift; path = TerritoryLoadCell.swift; sourceTree = "<group>"; };
		0C554C931D5C46A800EFEAD5 /* TerritoryLoadCell.xib */ = {isa = PBXFileReference; fileEncoding = 4; lastKnownFileType = file.xib; path = TerritoryLoadCell.xib; sourceTree = "<group>"; };
		0C5CB8A61CCBF91900B55450 /* AboutAnimation.swift */ = {isa = PBXFileReference; fileEncoding = 4; lastKnownFileType = sourcecode.swift; path = AboutAnimation.swift; sourceTree = "<group>"; };
		0C5CB8B81CCD910300B55450 /* HelpAnimation.swift */ = {isa = PBXFileReference; fileEncoding = 4; lastKnownFileType = sourcecode.swift; path = HelpAnimation.swift; sourceTree = "<group>"; };
		0C5CB8BE1CCD966B00B55450 /* Timing.swift */ = {isa = PBXFileReference; fileEncoding = 4; lastKnownFileType = sourcecode.swift; path = Timing.swift; sourceTree = "<group>"; };
		0C6D7EB31CAF2606008AD13B /* App Love.app */ = {isa = PBXFileReference; explicitFileType = wrapper.application; includeInIndex = 0; path = "App Love.app"; sourceTree = BUILT_PRODUCTS_DIR; };
		0C6D7EBD1CAF2606008AD13B /* Assets.xcassets */ = {isa = PBXFileReference; lastKnownFileType = folder.assetcatalog; name = Assets.xcassets; path = "App Love/Assets.xcassets"; sourceTree = "<group>"; };
		0C6D7ECA1CAF2A5C008AD13B /* AppList.swift */ = {isa = PBXFileReference; fileEncoding = 4; lastKnownFileType = sourcecode.swift; path = AppList.swift; sourceTree = "<group>"; };
		0C6D7ECB1CAF2A5C008AD13B /* CacheManager.swift */ = {isa = PBXFileReference; fileEncoding = 4; lastKnownFileType = sourcecode.swift; path = CacheManager.swift; sourceTree = "<group>"; };
		0C6D7ECC1CAF2A5C008AD13B /* SearchList.swift */ = {isa = PBXFileReference; fileEncoding = 4; lastKnownFileType = sourcecode.swift; path = SearchList.swift; sourceTree = "<group>"; };
		0C6D7ECD1CAF2A5C008AD13B /* TerritoryList.swift */ = {isa = PBXFileReference; fileEncoding = 4; lastKnownFileType = sourcecode.swift; path = TerritoryList.swift; sourceTree = "<group>"; };
		0C6D7ECE1CAF2A5C008AD13B /* TerritoryMgr.swift */ = {isa = PBXFileReference; fileEncoding = 4; lastKnownFileType = sourcecode.swift; path = TerritoryMgr.swift; sourceTree = "<group>"; };
		0C6D7ED01CAF2A5C008AD13B /* AppModel.swift */ = {isa = PBXFileReference; fileEncoding = 4; lastKnownFileType = sourcecode.swift; path = AppModel.swift; sourceTree = "<group>"; };
		0C6D7ED11CAF2A5C008AD13B /* CountryModel.swift */ = {isa = PBXFileReference; fileEncoding = 4; lastKnownFileType = sourcecode.swift; path = CountryModel.swift; sourceTree = "<group>"; };
		0C6D7ED21CAF2A5C008AD13B /* ReviewModel.swift */ = {isa = PBXFileReference; fileEncoding = 4; lastKnownFileType = sourcecode.swift; path = ReviewModel.swift; sourceTree = "<group>"; };
		0C6D7ED41CAF2A5C008AD13B /* AppInfo.swift */ = {isa = PBXFileReference; fileEncoding = 4; lastKnownFileType = sourcecode.swift; path = AppInfo.swift; sourceTree = "<group>"; };
		0C6D7ED71CAF2A5C008AD13B /* ReviewLoadManager.swift */ = {isa = PBXFileReference; fileEncoding = 4; lastKnownFileType = sourcecode.swift; path = ReviewLoadManager.swift; sourceTree = "<group>"; };
		0C6D7ED81CAF2A5C008AD13B /* TerritoryLoadOperation.swift */ = {isa = PBXFileReference; fileEncoding = 4; lastKnownFileType = sourcecode.swift; path = TerritoryLoadOperation.swift; sourceTree = "<group>"; };
		0C6D7ED91CAF2A5C008AD13B /* SearchApps.swift */ = {isa = PBXFileReference; fileEncoding = 4; lastKnownFileType = sourcecode.swift; path = SearchApps.swift; sourceTree = "<group>"; };
		0C6D7EDC1CAF2A5C008AD13B /* AppCell.swift */ = {isa = PBXFileReference; fileEncoding = 4; lastKnownFileType = sourcecode.swift; path = AppCell.swift; sourceTree = "<group>"; };
		0C6D7EDD1CAF2A5C008AD13B /* AppCell.xib */ = {isa = PBXFileReference; fileEncoding = 4; lastKnownFileType = file.xib; path = AppCell.xib; sourceTree = "<group>"; };
		0C6D7EDE1CAF2A5C008AD13B /* AppSelectCell.swift */ = {isa = PBXFileReference; fileEncoding = 4; lastKnownFileType = sourcecode.swift; path = AppSelectCell.swift; sourceTree = "<group>"; };
		0C6D7EDF1CAF2A5C008AD13B /* CountrySelectCell.swift */ = {isa = PBXFileReference; fileEncoding = 4; lastKnownFileType = sourcecode.swift; path = CountrySelectCell.swift; sourceTree = "<group>"; };
		0C6D7EE01CAF2A5C008AD13B /* ReviewCell.swift */ = {isa = PBXFileReference; fileEncoding = 4; lastKnownFileType = sourcecode.swift; path = ReviewCell.swift; sourceTree = "<group>"; };
		0C6D7EE11CAF2A5C008AD13B /* ReviewCell.xib */ = {isa = PBXFileReference; fileEncoding = 4; lastKnownFileType = file.xib; path = ReviewCell.xib; sourceTree = "<group>"; };
		0C6D7EE71CAF2A5C008AD13B /* LaunchScreen.storyboard */ = {isa = PBXFileReference; fileEncoding = 4; lastKnownFileType = file.storyboard; path = LaunchScreen.storyboard; sourceTree = "<group>"; };
		0C6D7EE81CAF2A5C008AD13B /* Main.storyboard */ = {isa = PBXFileReference; fileEncoding = 4; lastKnownFileType = file.storyboard; path = Main.storyboard; sourceTree = "<group>"; };
		0C6D7EEB1CAF2A5C008AD13B /* AppListViewController.swift */ = {isa = PBXFileReference; fileEncoding = 4; lastKnownFileType = sourcecode.swift; path = AppListViewController.swift; sourceTree = "<group>"; };
		0C6D7EEC1CAF2A5C008AD13B /* AppSearchViewController.swift */ = {isa = PBXFileReference; fileEncoding = 4; lastKnownFileType = sourcecode.swift; path = AppSearchViewController.swift; sourceTree = "<group>"; };
		0C6D7EED1CAF2A5C008AD13B /* HelpViewController.swift */ = {isa = PBXFileReference; fileEncoding = 4; lastKnownFileType = sourcecode.swift; path = HelpViewController.swift; sourceTree = "<group>"; };
		0C6D7EEE1CAF2A5C008AD13B /* ReviewListViewController.swift */ = {isa = PBXFileReference; fileEncoding = 4; lastKnownFileType = sourcecode.swift; path = ReviewListViewController.swift; sourceTree = "<group>"; };
		0C6D7EEF1CAF2A5C008AD13B /* SelectCountryViewController.swift */ = {isa = PBXFileReference; fileEncoding = 4; lastKnownFileType = sourcecode.swift; path = SelectCountryViewController.swift; sourceTree = "<group>"; };
		0C6D7F0F1CAF2ADB008AD13B /* AppDelegate.swift */ = {isa = PBXFileReference; fileEncoding = 4; lastKnownFileType = sourcecode.swift; path = AppDelegate.swift; sourceTree = "<group>"; };
		0C6D7F101CAF2ADB008AD13B /* Info.plist */ = {isa = PBXFileReference; fileEncoding = 4; lastKnownFileType = text.plist.xml; path = Info.plist; sourceTree = "<group>"; };
		0C979D411D66474600FFC49E /* String+truncate.swift */ = {isa = PBXFileReference; fileEncoding = 4; lastKnownFileType = sourcecode.swift; path = "String+truncate.swift"; sourceTree = "<group>"; };
		0CA8F9071D2EE73B002F49F1 /* NSNotificationCenter+sugar.swift */ = {isa = PBXFileReference; fileEncoding = 4; lastKnownFileType = sourcecode.swift; path = "NSNotificationCenter+sugar.swift"; sourceTree = "<group>"; };
		0CB6E9E31D0C932B009316E8 /* GlobalSplitViewController.swift */ = {isa = PBXFileReference; fileEncoding = 4; lastKnownFileType = sourcecode.swift; path = GlobalSplitViewController.swift; sourceTree = "<group>"; };
		0CB6E9E71D0DD936009316E8 /* MenuButton.swift */ = {isa = PBXFileReference; fileEncoding = 4; lastKnownFileType = sourcecode.swift; path = MenuButton.swift; sourceTree = "<group>"; };
		0CC230011CC2095500FFF10A /* LoadState.swift */ = {isa = PBXFileReference; fileEncoding = 4; lastKnownFileType = sourcecode.swift; path = LoadState.swift; sourceTree = "<group>"; };
		0CC230021CC2095500FFF10A /* PageInfo.swift */ = {isa = PBXFileReference; fileEncoding = 4; lastKnownFileType = sourcecode.swift; path = PageInfo.swift; sourceTree = "<group>"; };
		0CC230051CC40C6B00FFF10A /* SelectCountryExtension.swift */ = {isa = PBXFileReference; fileEncoding = 4; lastKnownFileType = sourcecode.swift; path = SelectCountryExtension.swift; sourceTree = "<group>"; };
		0CDF4E2C1D09DADC00CE1622 /* HamburgerButton.swift */ = {isa = PBXFileReference; fileEncoding = 4; lastKnownFileType = sourcecode.swift; path = HamburgerButton.swift; sourceTree = "<group>"; };
		0CDF4E2E1D09DB6D00CE1622 /* SideMenuViewController.swift */ = {isa = PBXFileReference; fileEncoding = 4; lastKnownFileType = sourcecode.swift; path = SideMenuViewController.swift; sourceTree = "<group>"; };
		0CDF4E301D0A032500CE1622 /* ElasticModalViewController.swift */ = {isa = PBXFileReference; fileEncoding = 4; lastKnownFileType = sourcecode.swift; path = ElasticModalViewController.swift; sourceTree = "<group>"; };
		0CE288F11CB30AA7008A309A /* Theme.swift */ = {isa = PBXFileReference; fileEncoding = 4; lastKnownFileType = sourcecode.swift; path = Theme.swift; sourceTree = "<group>"; };
		0CE288FA1CB32022008A309A /* Const.swift */ = {isa = PBXFileReference; fileEncoding = 4; lastKnownFileType = sourcecode.swift; path = Const.swift; sourceTree = "<group>"; };
		0CE288FE1CB35BC6008A309A /* AppListExtension.swift */ = {isa = PBXFileReference; fileEncoding = 4; lastKnownFileType = sourcecode.swift; path = AppListExtension.swift; sourceTree = "<group>"; };
		0CE289001CB35C33008A309A /* AppSearchExtension.swift */ = {isa = PBXFileReference; fileEncoding = 4; lastKnownFileType = sourcecode.swift; path = AppSearchExtension.swift; sourceTree = "<group>"; };
		0CE289021CB35C53008A309A /* ReviewListExtension.swift */ = {isa = PBXFileReference; fileEncoding = 4; lastKnownFileType = sourcecode.swift; path = ReviewListExtension.swift; sourceTree = "<group>"; };
		0CE289121CB578B4008A309A /* LoadReviews.swift */ = {isa = PBXFileReference; fileEncoding = 4; lastKnownFileType = sourcecode.swift; path = LoadReviews.swift; sourceTree = "<group>"; };
		0CE289161CB59F3E008A309A /* ReviewParser.swift */ = {isa = PBXFileReference; fileEncoding = 4; lastKnownFileType = sourcecode.swift; path = ReviewParser.swift; sourceTree = "<group>"; };
		0CE289211CB5A294008A309A /* SWXMLHash.swift */ = {isa = PBXFileReference; fileEncoding = 4; lastKnownFileType = sourcecode.swift; path = SWXMLHash.swift; sourceTree = "<group>"; };
		2C78E9567753C7C680D1E646 /* Pods-App Love.release.xcconfig */ = {isa = PBXFileReference; includeInIndex = 1; lastKnownFileType = text.xcconfig; name = "Pods-App Love.release.xcconfig"; path = "Pods/Target Support Files/Pods-App Love/Pods-App Love.release.xcconfig"; sourceTree = "<group>"; };
		7355BF2CAB7FC52B0A5A83AC /* Pods_App_Love.framework */ = {isa = PBXFileReference; explicitFileType = wrapper.framework; includeInIndex = 0; path = Pods_App_Love.framework; sourceTree = BUILT_PRODUCTS_DIR; };
		7A76BCD08019B2EF573D098A /* Pods.framework */ = {isa = PBXFileReference; explicitFileType = wrapper.framework; includeInIndex = 0; path = Pods.framework; sourceTree = BUILT_PRODUCTS_DIR; };
		B90C41F2AD331A532075C493 /* Pods-App Love.debug.xcconfig */ = {isa = PBXFileReference; includeInIndex = 1; lastKnownFileType = text.xcconfig; name = "Pods-App Love.debug.xcconfig"; path = "Pods/Target Support Files/Pods-App Love/Pods-App Love.debug.xcconfig"; sourceTree = "<group>"; };
/* End PBXFileReference section */

/* Begin PBXFrameworksBuildPhase section */
		0C6D7EB01CAF2606008AD13B /* Frameworks */ = {
			isa = PBXFrameworksBuildPhase;
			buildActionMask = 2147483647;
			files = (
				F2A80DF04E78040DB8F16DF8 /* Pods_App_Love.framework in Frameworks */,
			);
			runOnlyForDeploymentPostprocessing = 0;
		};
/* End PBXFrameworksBuildPhase section */

/* Begin PBXGroup section */
		0C30BF171CC9EF29003CBB86 /* TextAnimations */ = {
			isa = PBXGroup;
			children = (
				0C5CB8A61CCBF91900B55450 /* AboutAnimation.swift */,
				0C5CB8B81CCD910300B55450 /* HelpAnimation.swift */,
				0C5CB8BE1CCD966B00B55450 /* Timing.swift */,
			);
			path = TextAnimations;
			sourceTree = "<group>";
		};
		0C6D7EAA1CAF2606008AD13B = {
			isa = PBXGroup;
			children = (
				0C6D7EB51CAF2606008AD13B /* App Love */,
				0C6D7EBD1CAF2606008AD13B /* Assets.xcassets */,
				0C6D7EB41CAF2606008AD13B /* Products */,
				69374C9ECDA5859BA5BF7068 /* Frameworks */,
				6A90D034FCD86BC3990769C2 /* Pods */,
			);
			sourceTree = "<group>";
		};
		0C6D7EB41CAF2606008AD13B /* Products */ = {
			isa = PBXGroup;
			children = (
				0C6D7EB31CAF2606008AD13B /* App Love.app */,
			);
			name = Products;
			sourceTree = "<group>";
		};
		0C6D7EB51CAF2606008AD13B /* App Love */ = {
			isa = PBXGroup;
			children = (
				0C6D7EDA1CAF2A5C008AD13B /* UI */,
				0C6D7EC81CAF2A5C008AD13B /* Data */,
				0C6D7ED31CAF2A5C008AD13B /* Network */,
				0CE288E91CB309A2008A309A /* Custom */,
				0CE289201CB5A294008A309A /* ThirdParty */,
				0C6D7F0E1CAF2ADB008AD13B /* Supporting files */,
			);
			path = "App Love";
			sourceTree = "<group>";
		};
		0C6D7EC81CAF2A5C008AD13B /* Data */ = {
			isa = PBXGroup;
			children = (
				0C6D7EC91CAF2A5C008AD13B /* Containers */,
				0C6D7ECF1CAF2A5C008AD13B /* Models */,
				0CE288FA1CB32022008A309A /* Const.swift */,
				0CE289161CB59F3E008A309A /* ReviewParser.swift */,
				0C4B51391D47C8F900F8EA2C /* Defaults.swift */,
			);
			path = Data;
			sourceTree = "<group>";
		};
		0C6D7EC91CAF2A5C008AD13B /* Containers */ = {
			isa = PBXGroup;
			children = (
				0C6D7ECA1CAF2A5C008AD13B /* AppList.swift */,
				0C6D7ECB1CAF2A5C008AD13B /* CacheManager.swift */,
				0C6D7ECC1CAF2A5C008AD13B /* SearchList.swift */,
				0C6D7ECD1CAF2A5C008AD13B /* TerritoryList.swift */,
				0C6D7ECE1CAF2A5C008AD13B /* TerritoryMgr.swift */,
			);
			path = Containers;
			sourceTree = "<group>";
		};
		0C6D7ECF1CAF2A5C008AD13B /* Models */ = {
			isa = PBXGroup;
			children = (
				0C6D7ED01CAF2A5C008AD13B /* AppModel.swift */,
				0C6D7ED11CAF2A5C008AD13B /* CountryModel.swift */,
				0C6D7ED21CAF2A5C008AD13B /* ReviewModel.swift */,
				0CC230011CC2095500FFF10A /* LoadState.swift */,
				0CC230021CC2095500FFF10A /* PageInfo.swift */,
			);
			path = Models;
			sourceTree = "<group>";
		};
		0C6D7ED31CAF2A5C008AD13B /* Network */ = {
			isa = PBXGroup;
			children = (
				0C6D7ED51CAF2A5C008AD13B /* ReviewLoading */,
				0C6D7ED41CAF2A5C008AD13B /* AppInfo.swift */,
				0C6D7ED91CAF2A5C008AD13B /* SearchApps.swift */,
				0C4B513D1D49886200F8EA2C /* AppListEmail.swift */,
				0C4B513F1D4A948D00F8EA2C /* ReviewEmail.swift */,
			);
			path = Network;
			sourceTree = "<group>";
		};
		0C6D7ED51CAF2A5C008AD13B /* ReviewLoading */ = {
			isa = PBXGroup;
			children = (
				0C6D7ED71CAF2A5C008AD13B /* ReviewLoadManager.swift */,
				0C6D7ED81CAF2A5C008AD13B /* TerritoryLoadOperation.swift */,
				0CE289121CB578B4008A309A /* LoadReviews.swift */,
			);
			path = ReviewLoading;
			sourceTree = "<group>";
		};
		0C6D7EDA1CAF2A5C008AD13B /* UI */ = {
			isa = PBXGroup;
			children = (
				0C6D7EE91CAF2A5C008AD13B /* ViewControllers */,
				0C6D7EDB1CAF2A5C008AD13B /* Cells */,
				0C6D7EE61CAF2A5C008AD13B /* Storyboards */,
			);
			path = UI;
			sourceTree = "<group>";
		};
		0C6D7EDB1CAF2A5C008AD13B /* Cells */ = {
			isa = PBXGroup;
			children = (
				0C6D7EDE1CAF2A5C008AD13B /* AppSelectCell.swift */,
				0C6D7EDF1CAF2A5C008AD13B /* CountrySelectCell.swift */,
				0C6D7EDC1CAF2A5C008AD13B /* AppCell.swift */,
				0C6D7EDD1CAF2A5C008AD13B /* AppCell.xib */,
				0C6D7EE01CAF2A5C008AD13B /* ReviewCell.swift */,
				0C6D7EE11CAF2A5C008AD13B /* ReviewCell.xib */,
				0C554C8D1D5C139100EFEAD5 /* TerritoryLoadCell.swift */,
				0C554C931D5C46A800EFEAD5 /* TerritoryLoadCell.xib */,
			);
			path = Cells;
			sourceTree = "<group>";
		};
		0C6D7EE61CAF2A5C008AD13B /* Storyboards */ = {
			isa = PBXGroup;
			children = (
				0C6D7EE71CAF2A5C008AD13B /* LaunchScreen.storyboard */,
				0C6D7EE81CAF2A5C008AD13B /* Main.storyboard */,
			);
			path = Storyboards;
			sourceTree = "<group>";
		};
		0C6D7EE91CAF2A5C008AD13B /* ViewControllers */ = {
			isa = PBXGroup;
			children = (
				0CE288FD1CB35B6C008A309A /* TableViewDataSources */,
				0CDF4E2E1D09DB6D00CE1622 /* SideMenuViewController.swift */,
				0C6D7EEB1CAF2A5C008AD13B /* AppListViewController.swift */,
				0C6D7EEC1CAF2A5C008AD13B /* AppSearchViewController.swift */,
				0C6D7EEE1CAF2A5C008AD13B /* ReviewListViewController.swift */,
				0C6D7EEF1CAF2A5C008AD13B /* SelectCountryViewController.swift */,
				0C2AE4721CAF42E600F875E6 /* AboutViewController.swift */,
				0C6D7EED1CAF2A5C008AD13B /* HelpViewController.swift */,
				0CB6E9E31D0C932B009316E8 /* GlobalSplitViewController.swift */,
				0C4B51351D46AE5200F8EA2C /* LoadOptionsVC.swift */,
			);
			path = ViewControllers;
			sourceTree = "<group>";
		};
		0C6D7F0E1CAF2ADB008AD13B /* Supporting files */ = {
			isa = PBXGroup;
			children = (
				0C6D7F0F1CAF2ADB008AD13B /* AppDelegate.swift */,
				0C6D7F101CAF2ADB008AD13B /* Info.plist */,
			);
			name = "Supporting files";
			path = "Data/Supporting files";
			sourceTree = "<group>";
		};
		0CA8F9061D2EE6FD002F49F1 /* Extensions */ = {
			isa = PBXGroup;
			children = (
				0CA8F9071D2EE73B002F49F1 /* NSNotificationCenter+sugar.swift */,
			);
			path = Extensions;
			sourceTree = "<group>";
		};
		0CE288E91CB309A2008A309A /* Custom */ = {
			isa = PBXGroup;
			children = (
				0CA8F9061D2EE6FD002F49F1 /* Extensions */,
				0C30BF171CC9EF29003CBB86 /* TextAnimations */,
				0CE288F11CB30AA7008A309A /* Theme.swift */,
				0CB6E9E71D0DD936009316E8 /* MenuButton.swift */,
			);
			path = Custom;
			sourceTree = "<group>";
		};
		0CE288FD1CB35B6C008A309A /* TableViewDataSources */ = {
			isa = PBXGroup;
			children = (
				0CE288FE1CB35BC6008A309A /* AppListExtension.swift */,
				0CE289001CB35C33008A309A /* AppSearchExtension.swift */,
				0CE289021CB35C53008A309A /* ReviewListExtension.swift */,
				0CC230051CC40C6B00FFF10A /* SelectCountryExtension.swift */,
			);
			path = TableViewDataSources;
			sourceTree = "<group>";
		};
		0CE289201CB5A294008A309A /* ThirdParty */ = {
			isa = PBXGroup;
			children = (
				0CDF4E301D0A032500CE1622 /* ElasticModalViewController.swift */,
				0CDF4E2C1D09DADC00CE1622 /* HamburgerButton.swift */,
				0CE289211CB5A294008A309A /* SWXMLHash.swift */,
				0C979D411D66474600FFC49E /* String+truncate.swift */,
			);
			path = ThirdParty;
			sourceTree = "<group>";
		};
		69374C9ECDA5859BA5BF7068 /* Frameworks */ = {
			isa = PBXGroup;
			children = (
				7A76BCD08019B2EF573D098A /* Pods.framework */,
				7355BF2CAB7FC52B0A5A83AC /* Pods_App_Love.framework */,
			);
			name = Frameworks;
			sourceTree = "<group>";
		};
		6A90D034FCD86BC3990769C2 /* Pods */ = {
			isa = PBXGroup;
			children = (
				B90C41F2AD331A532075C493 /* Pods-App Love.debug.xcconfig */,
				2C78E9567753C7C680D1E646 /* Pods-App Love.release.xcconfig */,
			);
			name = Pods;
			sourceTree = "<group>";
		};
/* End PBXGroup section */

/* Begin PBXNativeTarget section */
		0C6D7EB21CAF2606008AD13B /* App Love */ = {
			isa = PBXNativeTarget;
			buildConfigurationList = 0C6D7EC51CAF2606008AD13B /* Build configuration list for PBXNativeTarget "App Love" */;
			buildPhases = (
				96804AFC0A9C7703879A071E /* 📦 Check Pods Manifest.lock */,
				0C6D7EAF1CAF2606008AD13B /* Sources */,
				0C6D7EB01CAF2606008AD13B /* Frameworks */,
				0C6D7EB11CAF2606008AD13B /* Resources */,
				F1BE37EDEBE360DF1E83F927 /* 📦 Embed Pods Frameworks */,
				F420B2E8AF1FB764435FD6B1 /* 📦 Copy Pods Resources */,
			);
			buildRules = (
			);
			dependencies = (
			);
			name = "App Love";
			productName = "App Love";
			productReference = 0C6D7EB31CAF2606008AD13B /* App Love.app */;
			productType = "com.apple.product-type.application";
		};
/* End PBXNativeTarget section */

/* Begin PBXProject section */
		0C6D7EAB1CAF2606008AD13B /* Project object */ = {
			isa = PBXProject;
			attributes = {
				LastSwiftUpdateCheck = 0720;
				LastUpgradeCheck = 0720;
				ORGANIZATIONNAME = Snowpunch;
				TargetAttributes = {
					0C6D7EB21CAF2606008AD13B = {
						CreatedOnToolsVersion = 7.2;
						DevelopmentTeam = ZL4MYANYN9;
					};
				};
			};
			buildConfigurationList = 0C6D7EAE1CAF2606008AD13B /* Build configuration list for PBXProject "App Love" */;
			compatibilityVersion = "Xcode 3.2";
			developmentRegion = English;
			hasScannedForEncodings = 0;
			knownRegions = (
				en,
				Base,
			);
			mainGroup = 0C6D7EAA1CAF2606008AD13B;
			productRefGroup = 0C6D7EB41CAF2606008AD13B /* Products */;
			projectDirPath = "";
			projectRoot = "";
			targets = (
				0C6D7EB21CAF2606008AD13B /* App Love */,
			);
		};
/* End PBXProject section */

/* Begin PBXResourcesBuildPhase section */
		0C6D7EB11CAF2606008AD13B /* Resources */ = {
			isa = PBXResourcesBuildPhase;
			buildActionMask = 2147483647;
			files = (
				0C6D7F021CAF2A5C008AD13B /* ReviewCell.xib in Resources */,
				0C554C941D5C46A800EFEAD5 /* TerritoryLoadCell.xib in Resources */,
				0C6D7F071CAF2A5C008AD13B /* Main.storyboard in Resources */,
				0C6D7EFE1CAF2A5C008AD13B /* AppCell.xib in Resources */,
				0C6D7F061CAF2A5C008AD13B /* LaunchScreen.storyboard in Resources */,
				0C6D7EBE1CAF2606008AD13B /* Assets.xcassets in Resources */,
				0C6D7F121CAF2ADB008AD13B /* Info.plist in Resources */,
			);
			runOnlyForDeploymentPostprocessing = 0;
		};
/* End PBXResourcesBuildPhase section */

/* Begin PBXShellScriptBuildPhase section */
		96804AFC0A9C7703879A071E /* 📦 Check Pods Manifest.lock */ = {
			isa = PBXShellScriptBuildPhase;
			buildActionMask = 2147483647;
			files = (
			);
			inputPaths = (
			);
			name = "📦 Check Pods Manifest.lock";
			outputPaths = (
			);
			runOnlyForDeploymentPostprocessing = 0;
			shellPath = /bin/sh;
			shellScript = "diff \"${PODS_ROOT}/../Podfile.lock\" \"${PODS_ROOT}/Manifest.lock\" > /dev/null\nif [[ $? != 0 ]] ; then\n    cat << EOM\nerror: The sandbox is not in sync with the Podfile.lock. Run 'pod install' or update your CocoaPods installation.\nEOM\n    exit 1\nfi\n";
			showEnvVarsInLog = 0;
		};
		F1BE37EDEBE360DF1E83F927 /* 📦 Embed Pods Frameworks */ = {
			isa = PBXShellScriptBuildPhase;
			buildActionMask = 2147483647;
			files = (
			);
			inputPaths = (
			);
			name = "📦 Embed Pods Frameworks";
			outputPaths = (
			);
			runOnlyForDeploymentPostprocessing = 0;
			shellPath = /bin/sh;
			shellScript = "\"${SRCROOT}/Pods/Target Support Files/Pods-App Love/Pods-App Love-frameworks.sh\"\n";
			showEnvVarsInLog = 0;
		};
		F420B2E8AF1FB764435FD6B1 /* 📦 Copy Pods Resources */ = {
			isa = PBXShellScriptBuildPhase;
			buildActionMask = 2147483647;
			files = (
			);
			inputPaths = (
			);
			name = "📦 Copy Pods Resources";
			outputPaths = (
			);
			runOnlyForDeploymentPostprocessing = 0;
			shellPath = /bin/sh;
			shellScript = "\"${SRCROOT}/Pods/Target Support Files/Pods-App Love/Pods-App Love-resources.sh\"\n";
			showEnvVarsInLog = 0;
		};
/* End PBXShellScriptBuildPhase section */

/* Begin PBXSourcesBuildPhase section */
		0C6D7EAF1CAF2606008AD13B /* Sources */ = {
			isa = PBXSourcesBuildPhase;
			buildActionMask = 2147483647;
			files = (
				0C979D421D66474600FFC49E /* String+truncate.swift in Sources */,
				0CDF4E311D0A032500CE1622 /* ElasticModalViewController.swift in Sources */,
				0C4B513A1D47C8F900F8EA2C /* Defaults.swift in Sources */,
				0C6D7EF11CAF2A5C008AD13B /* CacheManager.swift in Sources */,
				0CB6E9E81D0DD936009316E8 /* MenuButton.swift in Sources */,
				0CE289171CB59F3E008A309A /* ReviewParser.swift in Sources */,
				0CE288FF1CB35BC6008A309A /* AppListExtension.swift in Sources */,
				0C6D7F001CAF2A5C008AD13B /* CountrySelectCell.swift in Sources */,
				0C6D7EF61CAF2A5C008AD13B /* CountryModel.swift in Sources */,
				0C6D7F0D1CAF2A5C008AD13B /* SelectCountryViewController.swift in Sources */,
				0C4B513E1D49886200F8EA2C /* AppListEmail.swift in Sources */,
				0C6D7EF81CAF2A5C008AD13B /* AppInfo.swift in Sources */,
				0C6D7F011CAF2A5C008AD13B /* ReviewCell.swift in Sources */,
				0C6D7F111CAF2ADB008AD13B /* AppDelegate.swift in Sources */,
				0C6D7EF41CAF2A5C008AD13B /* TerritoryMgr.swift in Sources */,
				0C5CB8A71CCBF91900B55450 /* AboutAnimation.swift in Sources */,
				0C6D7EFA1CAF2A5C008AD13B /* ReviewLoadManager.swift in Sources */,
				0C6D7EF51CAF2A5C008AD13B /* AppModel.swift in Sources */,
				0C6D7EFB1CAF2A5C008AD13B /* TerritoryLoadOperation.swift in Sources */,
				0CC230031CC2095500FFF10A /* LoadState.swift in Sources */,
				0C6D7EFF1CAF2A5C008AD13B /* AppSelectCell.swift in Sources */,
				0C6D7F0B1CAF2A5C008AD13B /* HelpViewController.swift in Sources */,
				0C6D7EFD1CAF2A5C008AD13B /* AppCell.swift in Sources */,
				0CE289131CB578B4008A309A /* LoadReviews.swift in Sources */,
				0C6D7F0C1CAF2A5C008AD13B /* ReviewListViewController.swift in Sources */,
				0C6D7EF71CAF2A5C008AD13B /* ReviewModel.swift in Sources */,
				0C4B51361D46AE5200F8EA2C /* LoadOptionsVC.swift in Sources */,
				0C6D7EF01CAF2A5C008AD13B /* AppList.swift in Sources */,
				0C6D7F091CAF2A5C008AD13B /* AppListViewController.swift in Sources */,
				0C6D7EF21CAF2A5C008AD13B /* SearchList.swift in Sources */,
				0C5CB8B91CCD910300B55450 /* HelpAnimation.swift in Sources */,
				0CC230061CC40C6B00FFF10A /* SelectCountryExtension.swift in Sources */,
				0CE289221CB5A294008A309A /* SWXMLHash.swift in Sources */,
				0C6D7EF31CAF2A5C008AD13B /* TerritoryList.swift in Sources */,
				0C6D7EFC1CAF2A5C008AD13B /* SearchApps.swift in Sources */,
				0CE288F21CB30AA7008A309A /* Theme.swift in Sources */,
				0CE289011CB35C33008A309A /* AppSearchExtension.swift in Sources */,
				0C2AE4731CAF42E600F875E6 /* AboutViewController.swift in Sources */,
				0C6D7F0A1CAF2A5C008AD13B /* AppSearchViewController.swift in Sources */,
				0C4B51401D4A948D00F8EA2C /* ReviewEmail.swift in Sources */,
				0C554C8F1D5C139100EFEAD5 /* TerritoryLoadCell.swift in Sources */,
				0C5CB8BF1CCD966B00B55450 /* Timing.swift in Sources */,
				0CC230041CC2095500FFF10A /* PageInfo.swift in Sources */,
				0CDF4E2F1D09DB6D00CE1622 /* SideMenuViewController.swift in Sources */,
				0CE288FB1CB32022008A309A /* Const.swift in Sources */,
				0CB6E9E41D0C932B009316E8 /* GlobalSplitViewController.swift in Sources */,
				0CE289031CB35C53008A309A /* ReviewListExtension.swift in Sources */,
				0CA8F9081D2EE73B002F49F1 /* NSNotificationCenter+sugar.swift in Sources */,
				0CDF4E2D1D09DADC00CE1622 /* HamburgerButton.swift in Sources */,
			);
			runOnlyForDeploymentPostprocessing = 0;
		};
/* End PBXSourcesBuildPhase section */

/* Begin XCBuildConfiguration section */
		0C6D7EC31CAF2606008AD13B /* Debug */ = {
			isa = XCBuildConfiguration;
			buildSettings = {
				ALWAYS_SEARCH_USER_PATHS = NO;
				CLANG_CXX_LANGUAGE_STANDARD = "gnu++0x";
				CLANG_CXX_LIBRARY = "libc++";
				CLANG_ENABLE_MODULES = YES;
				CLANG_ENABLE_OBJC_ARC = YES;
				CLANG_WARN_BOOL_CONVERSION = YES;
				CLANG_WARN_CONSTANT_CONVERSION = YES;
				CLANG_WARN_DIRECT_OBJC_ISA_USAGE = YES_ERROR;
				CLANG_WARN_EMPTY_BODY = YES;
				CLANG_WARN_ENUM_CONVERSION = YES;
				CLANG_WARN_INT_CONVERSION = YES;
				CLANG_WARN_OBJC_ROOT_CLASS = YES_ERROR;
				CLANG_WARN_UNREACHABLE_CODE = YES;
				CLANG_WARN__DUPLICATE_METHOD_MATCH = YES;
				CODE_SIGN_IDENTITY = "iPhone Developer";
				"CODE_SIGN_IDENTITY[sdk=iphoneos*]" = "iPhone Developer";
				COPY_PHASE_STRIP = NO;
				DEBUG_INFORMATION_FORMAT = dwarf;
				ENABLE_STRICT_OBJC_MSGSEND = YES;
				ENABLE_TESTABILITY = YES;
				GCC_C_LANGUAGE_STANDARD = gnu99;
				GCC_DYNAMIC_NO_PIC = NO;
				GCC_NO_COMMON_BLOCKS = YES;
				GCC_OPTIMIZATION_LEVEL = 0;
				GCC_PREPROCESSOR_DEFINITIONS = (
					"DEBUG=1",
					"$(inherited)",
				);
				GCC_WARN_64_TO_32_BIT_CONVERSION = YES;
				GCC_WARN_ABOUT_RETURN_TYPE = YES_ERROR;
				GCC_WARN_UNDECLARED_SELECTOR = YES;
				GCC_WARN_UNINITIALIZED_AUTOS = YES_AGGRESSIVE;
				GCC_WARN_UNUSED_FUNCTION = YES;
				GCC_WARN_UNUSED_VARIABLE = YES;
				IPHONEOS_DEPLOYMENT_TARGET = 9.2;
				MTL_ENABLE_DEBUG_INFO = YES;
				ONLY_ACTIVE_ARCH = YES;
				PROVISIONING_PROFILE = "";
				SDKROOT = iphoneos;
				SWIFT_OPTIMIZATION_LEVEL = "-Onone";
				TARGETED_DEVICE_FAMILY = "1,2";
			};
			name = Debug;
		};
		0C6D7EC41CAF2606008AD13B /* Release */ = {
			isa = XCBuildConfiguration;
			buildSettings = {
				ALWAYS_SEARCH_USER_PATHS = NO;
				CLANG_CXX_LANGUAGE_STANDARD = "gnu++0x";
				CLANG_CXX_LIBRARY = "libc++";
				CLANG_ENABLE_MODULES = YES;
				CLANG_ENABLE_OBJC_ARC = YES;
				CLANG_WARN_BOOL_CONVERSION = YES;
				CLANG_WARN_CONSTANT_CONVERSION = YES;
				CLANG_WARN_DIRECT_OBJC_ISA_USAGE = YES_ERROR;
				CLANG_WARN_EMPTY_BODY = YES;
				CLANG_WARN_ENUM_CONVERSION = YES;
				CLANG_WARN_INT_CONVERSION = YES;
				CLANG_WARN_OBJC_ROOT_CLASS = YES_ERROR;
				CLANG_WARN_UNREACHABLE_CODE = YES;
				CLANG_WARN__DUPLICATE_METHOD_MATCH = YES;
				CODE_SIGN_IDENTITY = "iPhone Distribution";
				"CODE_SIGN_IDENTITY[sdk=iphoneos*]" = "iPhone Distribution";
				COPY_PHASE_STRIP = NO;
				DEBUG_INFORMATION_FORMAT = "dwarf-with-dsym";
				ENABLE_NS_ASSERTIONS = NO;
				ENABLE_STRICT_OBJC_MSGSEND = YES;
				GCC_C_LANGUAGE_STANDARD = gnu99;
				GCC_NO_COMMON_BLOCKS = YES;
				GCC_WARN_64_TO_32_BIT_CONVERSION = YES;
				GCC_WARN_ABOUT_RETURN_TYPE = YES_ERROR;
				GCC_WARN_UNDECLARED_SELECTOR = YES;
				GCC_WARN_UNINITIALIZED_AUTOS = YES_AGGRESSIVE;
				GCC_WARN_UNUSED_FUNCTION = YES;
				GCC_WARN_UNUSED_VARIABLE = YES;
				IPHONEOS_DEPLOYMENT_TARGET = 9.2;
				MTL_ENABLE_DEBUG_INFO = NO;
				PROVISIONING_PROFILE = "";
				SDKROOT = iphoneos;
				TARGETED_DEVICE_FAMILY = "1,2";
				VALIDATE_PRODUCT = YES;
			};
			name = Release;
		};
		0C6D7EC61CAF2606008AD13B /* Debug */ = {
			isa = XCBuildConfiguration;
			baseConfigurationReference = B90C41F2AD331A532075C493 /* Pods-App Love.debug.xcconfig */;
			buildSettings = {
				ASSETCATALOG_COMPILER_APPICON_NAME = AppIcon;
				CODE_SIGN_IDENTITY = "iPhone Developer";
				"CODE_SIGN_IDENTITY[sdk=iphoneos*]" = "iPhone Developer";
				INFOPLIST_FILE = "App Love/Supporting files/Info.plist";
				LD_RUNPATH_SEARCH_PATHS = "$(inherited) @executable_path/Frameworks";
				PRODUCT_BUNDLE_IDENTIFIER = "com.snowpunch.App-Love";
				PRODUCT_NAME = "$(TARGET_NAME)";
				PROVISIONING_PROFILE = "";
			};
			name = Debug;
		};
		0C6D7EC71CAF2606008AD13B /* Release */ = {
			isa = XCBuildConfiguration;
			baseConfigurationReference = 2C78E9567753C7C680D1E646 /* Pods-App Love.release.xcconfig */;
			buildSettings = {
				ASSETCATALOG_COMPILER_APPICON_NAME = AppIcon;
				CODE_SIGN_IDENTITY = "iPhone Developer";
				"CODE_SIGN_IDENTITY[sdk=iphoneos*]" = "iPhone Developer";
				INFOPLIST_FILE = "App Love/Supporting files/Info.plist";
				LD_RUNPATH_SEARCH_PATHS = "$(inherited) @executable_path/Frameworks";
				PRODUCT_BUNDLE_IDENTIFIER = "com.snowpunch.App-Love";
				PRODUCT_NAME = "$(TARGET_NAME)";
				PROVISIONING_PROFILE = "";
			};
			name = Release;
		};
/* End XCBuildConfiguration section */

/* Begin XCConfigurationList section */
		0C6D7EAE1CAF2606008AD13B /* Build configuration list for PBXProject "App Love" */ = {
			isa = XCConfigurationList;
			buildConfigurations = (
				0C6D7EC31CAF2606008AD13B /* Debug */,
				0C6D7EC41CAF2606008AD13B /* Release */,
			);
			defaultConfigurationIsVisible = 0;
			defaultConfigurationName = Release;
		};
		0C6D7EC51CAF2606008AD13B /* Build configuration list for PBXNativeTarget "App Love" */ = {
			isa = XCConfigurationList;
			buildConfigurations = (
				0C6D7EC61CAF2606008AD13B /* Debug */,
				0C6D7EC71CAF2606008AD13B /* Release */,
			);
			defaultConfigurationIsVisible = 0;
			defaultConfigurationName = Release;
		};
/* End XCConfigurationList section */
	};
	rootObject = 0C6D7EAB1CAF2606008AD13B /* Project object */;
}
